# THIS IS AN AUTOGENERATED FILE. DO NOT EDIT THIS FILE DIRECTLY.
# yarn lockfile v1


"@apollo/client@^3.4.13":
  "integrity" "sha512-/nH8z/0X6WJ+wtUREHTlKQGX4lo6u3XkF1hy+k4eCxLZzT5+VRw1rm92iIkj1H85vep/eE/KV3DdRq1x3t9NnQ=="
  "resolved" "https://registry.npmjs.org/@apollo/client/-/client-3.4.13.tgz"
  "version" "3.4.13"
  dependencies:
    "@graphql-typed-document-node/core" "^3.0.0"
    "@wry/context" "^0.6.0"
    "@wry/equality" "^0.5.0"
    "@wry/trie" "^0.3.0"
    "graphql-tag" "^2.12.3"
    "hoist-non-react-statics" "^3.3.2"
    "optimism" "^0.16.1"
    "prop-types" "^15.7.2"
    "symbol-observable" "^4.0.0"
    "ts-invariant" "^0.9.0"
    "tslib" "^2.3.0"
    "zen-observable-ts" "~1.1.0"

"@graphql-typed-document-node/core@^3.0.0":
  "integrity" "sha512-wYn6r8zVZyQJ6rQaALBEln5B1pzxb9shV5Ef97kTvn6yVGrqyXVnDqnU24MXnFubR+rZjBY9NWuxX3FB2sTsjg=="
  "resolved" "https://registry.npmjs.org/@graphql-typed-document-node/core/-/core-3.1.0.tgz"
  "version" "3.1.0"

"@types/axios@^0.14.0":
  "integrity" "sha1-7CMA++fX3d1+udOr+HmZlkyvzkY="
  "resolved" "https://registry.npmjs.org/@types/axios/-/axios-0.14.0.tgz"
  "version" "0.14.0"
  dependencies:
    "axios" "*"

"@types/commander@^2.12.2":
  "integrity" "sha512-0QEFiR8ljcHp9bAbWxecjVRuAMr16ivPiGOw6KFQBVrVd0RQIcM3xKdRisH2EDWgVWujiYtHwhSkSUoAAGzH7Q=="
  "resolved" "https://registry.npmjs.org/@types/commander/-/commander-2.12.2.tgz"
  "version" "2.12.2"
  dependencies:
    "commander" "*"

"@types/glob@*":
  "integrity" "sha512-w+LsMxKyYQm347Otw+IfBXOv9UWVjpHpCDdbBMt8Kz/xbvCYNjP+0qPh91Km3iKfSRLBB0P7fAMf0KHrPu+MyA=="
  "resolved" "https://registry.npmjs.org/@types/glob/-/glob-7.1.4.tgz"
  "version" "7.1.4"
  dependencies:
    "@types/minimatch" "*"
    "@types/node" "*"

"@types/lodash@^4.14.170":
  "integrity" "sha512-KMBLT6+g9qrGXpDt7ohjWPUD34WA/jasrtjTEHStF0NPdEwJ1N9SZ+4GaMVDeuk/y0+X5j9xFm6mNiXS7UoaLQ=="
  "resolved" "https://registry.npmjs.org/@types/lodash/-/lodash-4.14.174.tgz"
  "version" "4.14.174"

"@types/minimatch@*":
  "integrity" "sha512-Klz949h02Gz2uZCMGwDUSDS1YBlTdDDgbWHi+81l29tQALUtvz4rAYi5uoVhE5Lagoq6DeqAUlbrHvW/mXDgdQ=="
  "resolved" "https://registry.npmjs.org/@types/minimatch/-/minimatch-3.0.5.tgz"
  "version" "3.0.5"

"@types/node@*":
  "integrity" "sha512-4/Z9DMPKFexZj/Gn3LylFgamNKHm4K3QDi0gz9B26Uk0c8izYf97B5fxfpspMNkWlFupblKM/nV8+NA9Ffvr+w=="
  "resolved" "https://registry.npmjs.org/@types/node/-/node-16.10.1.tgz"
  "version" "16.10.1"

"@types/node@^15.12.5":
  "integrity" "sha512-qjd88DrCxupx/kJD5yQgZdcYKZKSIGBVDIBE1/LTGcNm3d2Np/jxojkdePDdfnBHJc5W7vSMpbJ1aB7p/Py69A=="
  "resolved" "https://registry.npmjs.org/@types/node/-/node-15.14.9.tgz"
  "version" "15.14.9"

"@types/shelljs@^0.8.8":
  "integrity" "sha512-flVe1dvlrCyQJN/SGrnBxqHG+RzXrVKsmjD8WS/qYHpq5UPjfq7UWFBENP0ZuOl0g6OpAlL6iBoLSvKYUUmyQw=="
  "resolved" "https://registry.npmjs.org/@types/shelljs/-/shelljs-0.8.9.tgz"
  "version" "0.8.9"
  dependencies:
    "@types/glob" "*"
    "@types/node" "*"

"@types/yargs-parser@*":
  "integrity" "sha512-7tFImggNeNBVMsn0vLrpn1H1uPrUBdnARPTpZoitY37ZrdJREzf7I16tMrlK3hen349gr1NYh8CmZQa7CTG6Aw=="
  "resolved" "https://registry.npmjs.org/@types/yargs-parser/-/yargs-parser-20.2.1.tgz"
  "version" "20.2.1"

"@types/yargs@^17.0.0":
  "integrity" "sha512-K7rm3Ke3ag/pAniBe80A6J6fjoqRibvCrl3dRmtXV9eCEt9h/pZwmHX9MzjQVUc/elneQTL4Ky7XKorC71Lmxw=="
  "resolved" "https://registry.npmjs.org/@types/yargs/-/yargs-17.0.3.tgz"
  "version" "17.0.3"
  dependencies:
    "@types/yargs-parser" "*"

"@types/zen-observable@0.8.3":
  "integrity" "sha512-fbF6oTd4sGGy0xjHPKAt+eS2CrxJ3+6gQ3FGcBoIJR2TLAyCkCyI8JqZNy+FeON0AhVgNJoUumVoZQjBFUqHkw=="
  "resolved" "https://registry.npmjs.org/@types/zen-observable/-/zen-observable-0.8.3.tgz"
  "version" "0.8.3"

"@wry/context@^0.6.0":
  "integrity" "sha512-LOmVnY1iTU2D8tv4Xf6MVMZZ+juIJ87Kt/plMijjN20NMAXGmH4u8bS1t0uT74cZ5gwpocYueV58YwyI8y+GKw=="
  "resolved" "https://registry.npmjs.org/@wry/context/-/context-0.6.1.tgz"
  "version" "0.6.1"
  dependencies:
    "tslib" "^2.3.0"

"@wry/equality@^0.5.0":
  "integrity" "sha512-oVMxbUXL48EV/C0/M7gLVsoK6qRHPS85x8zECofEZOVvxGmIPLA9o5Z27cc2PoAyZz1S2VoM2A7FLAnpfGlneA=="
  "resolved" "https://registry.npmjs.org/@wry/equality/-/equality-0.5.2.tgz"
  "version" "0.5.2"
  dependencies:
    "tslib" "^2.3.0"

"@wry/trie@^0.3.0":
  "integrity" "sha512-WwB53ikYudh9pIorgxrkHKrQZcCqNM/Q/bDzZBffEaGUKGuHrRb3zZUT9Sh2qw9yogC7SsdRmQ1ER0pqvd3bfw=="
  "resolved" "https://registry.npmjs.org/@wry/trie/-/trie-0.3.1.tgz"
  "version" "0.3.1"
  dependencies:
    "tslib" "^2.3.0"

"ansi-regex@^5.0.1":
  "integrity" "sha512-quJQXlTSUGL2LH9SUXo8VwsY4soanhgo6LNSm84E1LBcE8s3O0wpdiRzyR9z/ZZJMlMWv37qOOb9pdJlMUEKFQ=="
  "resolved" "https://registry.npmjs.org/ansi-regex/-/ansi-regex-5.0.1.tgz"
  "version" "5.0.1"

"ansi-styles@^4.0.0":
  "integrity" "sha512-zbB9rCJAT1rbjiVDb2hqKFHNYLxgtk8NURxZ3IZwD3F6NtxbXZQCnnSi1Lkx+IDohdPlFp222wVALIheZJQSEg=="
  "resolved" "https://registry.npmjs.org/ansi-styles/-/ansi-styles-4.3.0.tgz"
  "version" "4.3.0"
  dependencies:
    "color-convert" "^2.0.1"

"axios@*", "axios@^0.21.1":
  "integrity" "sha512-ut5vewkiu8jjGBdqpM44XxjuCjq9LAKeHVmoVfHVzy8eHgxxq8SbAVQNovDA8mVi05kP0Ea/n/UzcSHcTJQfNg=="
  "resolved" "https://registry.npmjs.org/axios/-/axios-0.21.4.tgz"
  "version" "0.21.4"
  dependencies:
    "follow-redirects" "^1.14.0"

"balanced-match@^1.0.0":
  "integrity" "sha512-3oSeUO0TMV67hN1AmbXsK4yaqU7tjiHlbxRDZOpH0KW9+CeX4bRAaX0Anxt0tx2MrpRpWwQaPwIlISEJhYU5Pw=="
  "resolved" "https://registry.npmjs.org/balanced-match/-/balanced-match-1.0.2.tgz"
  "version" "1.0.2"

"brace-expansion@^1.1.7":
  "integrity" "sha512-iCuPHDFgrHX7H2vEI/5xpz07zSHB00TpugqhmYtVmMO6518mCuRMoOYFldEBl0g187ufozdaHgWKcYFb61qGiA=="
  "resolved" "https://registry.npmjs.org/brace-expansion/-/brace-expansion-1.1.11.tgz"
  "version" "1.1.11"
  dependencies:
    "balanced-match" "^1.0.0"
    "concat-map" "0.0.1"

"cliui@^7.0.2":
  "integrity" "sha512-OcRE68cOsVMXp1Yvonl/fzkQOyjLSu/8bhPDfQt0e0/Eb283TKP20Fs2MqoPsr9SwA595rRCA+QMzYc9nBP+JQ=="
  "resolved" "https://registry.npmjs.org/cliui/-/cliui-7.0.4.tgz"
  "version" "7.0.4"
  dependencies:
    "string-width" "^4.2.0"
    "strip-ansi" "^6.0.0"
    "wrap-ansi" "^7.0.0"

"color-convert@^2.0.1":
  "integrity" "sha512-RRECPsj7iu/xb5oKYcsFHSppFNnsj/52OVTRKb4zP5onXwVF3zVmmToNcOfGC+CRDpfK/U584fMg38ZHCaElKQ=="
  "resolved" "https://registry.npmjs.org/color-convert/-/color-convert-2.0.1.tgz"
  "version" "2.0.1"
  dependencies:
    "color-name" "~1.1.4"

"color-name@~1.1.4":
  "integrity" "sha512-dOy+3AuW3a2wNbZHIuMZpTcgjGuLU/uBL/ubcZF9OXbDo8ff4O8yVp5Bf0efS8uEoYo5q4Fx7dY9OgQGXgAsQA=="
  "resolved" "https://registry.npmjs.org/color-name/-/color-name-1.1.4.tgz"
  "version" "1.1.4"

"commander@*", "commander@^8.0.0":
  "integrity" "sha512-LLKxDvHeL91/8MIyTAD5BFMNtoIwztGPMiM/7Bl8rIPmHCZXRxmSWr91h57dpOpnQ6jIUqEWdXE/uBYMfiVZDA=="
  "resolved" "https://registry.npmjs.org/commander/-/commander-8.2.0.tgz"
  "version" "8.2.0"

"concat-map@0.0.1":
  "integrity" "sha1-2Klr13/Wjfd5OnMDajug1UBdR3s="
  "resolved" "https://registry.npmjs.org/concat-map/-/concat-map-0.0.1.tgz"
  "version" "0.0.1"

"dotenv@^10.0.0":
  "integrity" "sha512-rlBi9d8jpv9Sf1klPjNfFAuWDjKLwTIJJ/VxtoTwIR6hnZxcEOQCZg2oIL3MWBYw5GpUDKOEnND7LXTbIpQ03Q=="
  "resolved" "https://registry.npmjs.org/dotenv/-/dotenv-10.0.0.tgz"
  "version" "10.0.0"

"emoji-regex@^8.0.0":
  "integrity" "sha512-MSjYzcWNOA0ewAHpz0MxpYFvwg6yjy1NG3xteoqz644VCo/RPgnr1/GGt+ic3iJTzQ8Eu3TdM14SawnVUmGE6A=="
  "resolved" "https://registry.npmjs.org/emoji-regex/-/emoji-regex-8.0.0.tgz"
  "version" "8.0.0"

"escalade@^3.1.1":
  "integrity" "sha512-k0er2gUkLf8O0zKJiAhmkTnJlTvINGv7ygDNPbeIsX/TJjGJZHuh9B2UxbsaEkmlEo9MfhrSzmhIlhRlI2GXnw=="
  "resolved" "https://registry.npmjs.org/escalade/-/escalade-3.1.1.tgz"
  "version" "3.1.1"

"follow-redirects@^1.14.0":
  "integrity" "sha512-zwGkiSXC1MUJG/qmeIFH2HBJx9u0V46QGUe3YR1fXG8bXQxq7fLj0RjLZQ5nubr9qNJUZrH+xUcwXEoXNpfS+g=="
  "resolved" "https://registry.npmjs.org/follow-redirects/-/follow-redirects-1.14.4.tgz"
  "version" "1.14.4"

"fs.realpath@^1.0.0":
  "integrity" "sha1-FQStJSMVjKpA20onh8sBQRmU6k8="
  "resolved" "https://registry.npmjs.org/fs.realpath/-/fs.realpath-1.0.0.tgz"
  "version" "1.0.0"

"function-bind@^1.1.1":
  "integrity" "sha512-yIovAzMX49sF8Yl58fSCWJ5svSLuaibPxXQJFLmBObTuCr0Mf1KiPopGM9NiFjiYBCbfaa2Fh6breQ6ANVTI0A=="
  "resolved" "https://registry.npmjs.org/function-bind/-/function-bind-1.1.1.tgz"
  "version" "1.1.1"

"get-caller-file@^2.0.5":
  "integrity" "sha512-DyFP3BM/3YHTQOCUL/w0OZHR0lpKeGrxotcHWcqNEdnltqFwXVfhEBQ94eIo34AfQpo0rGki4cyIiftY06h2Fg=="
  "resolved" "https://registry.npmjs.org/get-caller-file/-/get-caller-file-2.0.5.tgz"
  "version" "2.0.5"

"glob@^7.0.0":
  "integrity" "sha512-lmLf6gtyrPq8tTjSmrO94wBeQbFR3HbLHbuyD69wuyQkImp2hWqMGB47OX65FBkPffO641IP9jWa1z4ivqG26Q=="
  "resolved" "https://registry.npmjs.org/glob/-/glob-7.2.0.tgz"
  "version" "7.2.0"
  dependencies:
    "fs.realpath" "^1.0.0"
    "inflight" "^1.0.4"
    "inherits" "2"
    "minimatch" "^3.0.4"
    "once" "^1.3.0"
    "path-is-absolute" "^1.0.0"

"graphql-tag@^2.12.3":
  "integrity" "sha512-5xNhP4063d16Pz3HBtKprutsPrmHZi5IdUGOWRxA2B6VF7BIRGOHZ5WQvDmJXZuPcBg7rYwaFxvQYjqkSdR3TQ=="
  "resolved" "https://registry.npmjs.org/graphql-tag/-/graphql-tag-2.12.5.tgz"
  "version" "2.12.5"
  dependencies:
    "tslib" "^2.1.0"

"graphql@^0.8.0 || ^0.9.0 || ^0.10.0 || ^0.11.0 || ^0.12.0 || ^0.13.0 || ^14.0.0 || ^15.0.0", "graphql@^0.9.0 || ^0.10.0 || ^0.11.0 || ^0.12.0 || ^0.13.0 || ^14.0.0 || ^15.0.0", "graphql@^14.0.0 || ^15.0.0", "graphql@^15.6.0":
  "integrity" "sha512-WJR872Zlc9hckiEPhXgyUftXH48jp2EjO5tgBBOyNMRJZ9fviL2mJBD6CAysk6N5S0r9BTs09Qk39nnJBkvOXQ=="
  "resolved" "https://registry.npmjs.org/graphql/-/graphql-15.6.0.tgz"
  "version" "15.6.0"

"has@^1.0.3":
  "integrity" "sha512-f2dvO0VU6Oej7RkWJGrehjbzMAjFp5/VKPp5tTpWIV4JHHZK1/BxbFRtf/siA2SWTe09caDmVtYYzWEIbBS4zw=="
  "resolved" "https://registry.npmjs.org/has/-/has-1.0.3.tgz"
  "version" "1.0.3"
  dependencies:
    "function-bind" "^1.1.1"

"hoist-non-react-statics@^3.3.2":
  "integrity" "sha512-/gGivxi8JPKWNm/W0jSmzcMPpfpPLc3dY/6GxhX2hQ9iGj3aDfklV4ET7NjKpSinLpJ5vafa9iiGIEZg10SfBw=="
  "resolved" "https://registry.npmjs.org/hoist-non-react-statics/-/hoist-non-react-statics-3.3.2.tgz"
  "version" "3.3.2"
  dependencies:
    "react-is" "^16.7.0"

"inflight@^1.0.4":
  "integrity" "sha1-Sb1jMdfQLQwJvJEKEHW6gWW1bfk="
  "resolved" "https://registry.npmjs.org/inflight/-/inflight-1.0.6.tgz"
  "version" "1.0.6"
  dependencies:
    "once" "^1.3.0"
    "wrappy" "1"

"inherits@2":
  "integrity" "sha512-k/vGaX4/Yla3WzyMCvTQOXYeIHvqOKtnqBduzTHpzpQZzAskKMhZ2K+EnBiSM9zGSoIFeMpXKxa4dYeZIQqewQ=="
  "resolved" "https://registry.npmjs.org/inherits/-/inherits-2.0.4.tgz"
  "version" "2.0.4"

"interpret@^1.0.0":
  "integrity" "sha512-agE4QfB2Lkp9uICn7BAqoscw4SZP9kTE2hxiFI3jBPmXJfdqiahTbUuKGsMoN2GtqL9AxhYioAcVvgsb1HvRbA=="
  "resolved" "https://registry.npmjs.org/interpret/-/interpret-1.4.0.tgz"
  "version" "1.4.0"

"is-core-module@^2.2.0":
  "integrity" "sha512-wShG8vs60jKfPWpF2KZRaAtvt3a20OAn7+IJ6hLPECpSABLcKtFKTTI4ZtH5QcBruBHlq+WsdHWyz0BCZW7svQ=="
  "resolved" "https://registry.npmjs.org/is-core-module/-/is-core-module-2.6.0.tgz"
  "version" "2.6.0"
  dependencies:
    "has" "^1.0.3"

"is-fullwidth-code-point@^3.0.0":
  "integrity" "sha512-zymm5+u+sCsSWyD9qNaejV3DFvhCKclKdizYaJUuHA83RLjb7nSuGnddCHGv0hk+KY7BMAlsWeK4Ueg6EV6XQg=="
  "resolved" "https://registry.npmjs.org/is-fullwidth-code-point/-/is-fullwidth-code-point-3.0.0.tgz"
  "version" "3.0.0"

"js-tokens@^3.0.0 || ^4.0.0":
  "integrity" "sha512-RdJUflcE3cUzKiMqQgsCu06FPu9UdIJO0beYbPhHN4k6apgJtifcoCtT9bcxOpYBtpD2kCM6Sbzg4CausW/PKQ=="
  "resolved" "https://registry.npmjs.org/js-tokens/-/js-tokens-4.0.0.tgz"
  "version" "4.0.0"

"lodash@^4.17.21":
  "integrity" "sha512-v2kDEe57lecTulaDIuNTPy3Ry4gLGJ6Z1O3vE1krgXZNrsQ+LFTGHVxVjcXPs17LhbZVGedAJv8XZ1tvj5FvSg=="
  "resolved" "https://registry.npmjs.org/lodash/-/lodash-4.17.21.tgz"
  "version" "4.17.21"

"loose-envify@^1.1.0", "loose-envify@^1.4.0":
  "integrity" "sha512-lyuxPGr/Wfhrlem2CL/UcnUc1zcqKAImBDzukY7Y5F/yQiNdko6+fRLevlw1HgMySw7f611UIY408EtxRSoK3Q=="
  "resolved" "https://registry.npmjs.org/loose-envify/-/loose-envify-1.4.0.tgz"
  "version" "1.4.0"
  dependencies:
    "js-tokens" "^3.0.0 || ^4.0.0"

"minimatch@^3.0.4":
  "integrity" "sha512-yJHVQEhyqPLUTgt9B83PXu6W3rx4MvvHvSUvToogpwoGDOUQ+yDrR0HRot+yOCdCO7u4hX3pWft6kWBBcqh0UA=="
  "resolved" "https://registry.npmjs.org/minimatch/-/minimatch-3.0.4.tgz"
  "version" "3.0.4"
  dependencies:
    "brace-expansion" "^1.1.7"

"object-assign@^4.1.1":
  "integrity" "sha1-IQmtx5ZYh8/AXLvUQsrIv7s2CGM="
  "resolved" "https://registry.npmjs.org/object-assign/-/object-assign-4.1.1.tgz"
  "version" "4.1.1"

"once@^1.3.0":
  "integrity" "sha1-WDsap3WWHUsROsF9nFC6753Xa9E="
  "resolved" "https://registry.npmjs.org/once/-/once-1.4.0.tgz"
  "version" "1.4.0"
  dependencies:
    "wrappy" "1"

"optimism@^0.16.1":
  "integrity" "sha512-64i+Uw3otrndfq5kaoGNoY7pvOhSsjFEN4bdEFh80MWVk/dbgJfMv7VFDeCT8LxNAlEVhQmdVEbfE7X2nWNIIg=="
  "resolved" "https://registry.npmjs.org/optimism/-/optimism-0.16.1.tgz"
  "version" "0.16.1"
  dependencies:
    "@wry/context" "^0.6.0"
    "@wry/trie" "^0.3.0"

"path-is-absolute@^1.0.0":
  "integrity" "sha1-F0uSaHNVNP+8es5r9TpanhtcX18="
  "resolved" "https://registry.npmjs.org/path-is-absolute/-/path-is-absolute-1.0.1.tgz"
  "version" "1.0.1"

"path-parse@^1.0.6":
  "integrity" "sha512-LDJzPVEEEPR+y48z93A0Ed0yXb8pAByGWo/k5YYdYgpY2/2EsOsksJrq7lOHxryrVOn1ejG6oAp8ahvOIQD8sw=="
  "resolved" "https://registry.npmjs.org/path-parse/-/path-parse-1.0.7.tgz"
  "version" "1.0.7"

"prop-types@^15.7.2":
  "integrity" "sha512-8QQikdH7//R2vurIJSutZ1smHYTcLpRWEOlHnzcWHmBYrOGUysKwSsrC89BCiFj3CbrfJ/nXFdJepOVrY1GCHQ=="
  "resolved" "https://registry.npmjs.org/prop-types/-/prop-types-15.7.2.tgz"
  "version" "15.7.2"
  dependencies:
    "loose-envify" "^1.4.0"
    "object-assign" "^4.1.1"
    "react-is" "^16.8.1"

"react-is@^16.7.0", "react-is@^16.8.1":
  "integrity" "sha512-24e6ynE2H+OKt4kqsOvNd8kBpV65zoxbA4BVsEOB3ARVWQki/DHzaUoC5KuON/BiccDaCCTZBuOcfZs70kR8bQ=="
  "resolved" "https://registry.npmjs.org/react-is/-/react-is-16.13.1.tgz"
  "version" "16.13.1"

"react@^16.8.0 || ^17.0.0", "react@^17.0.2":
  "integrity" "sha512-gnhPt75i/dq/z3/6q/0asP78D0u592D5L1pd7M8P+dck6Fu/jJeL6iVVK23fptSUZj8Vjf++7wXA8UNclGQcbA=="
  "resolved" "https://registry.npmjs.org/react/-/react-17.0.2.tgz"
  "version" "17.0.2"
  dependencies:
    "loose-envify" "^1.1.0"
    "object-assign" "^4.1.1"

"rechoir@^0.6.2":
  "integrity" "sha1-hSBLVNuoLVdC4oyWdW70OvUOM4Q="
  "resolved" "https://registry.npmjs.org/rechoir/-/rechoir-0.6.2.tgz"
  "version" "0.6.2"
  dependencies:
    "resolve" "^1.1.6"

"require-directory@^2.1.1":
  "integrity" "sha1-jGStX9MNqxyXbiNE/+f3kqam30I="
  "resolved" "https://registry.npmjs.org/require-directory/-/require-directory-2.1.1.tgz"
  "version" "2.1.1"

"resolve@^1.1.6":
  "integrity" "sha512-wENBPt4ySzg4ybFQW2TT1zMQucPK95HSh/nq2CFTZVOGut2+pQvSsgtda4d26YrYcr067wjbmzOG8byDPBX63A=="
  "resolved" "https://registry.npmjs.org/resolve/-/resolve-1.20.0.tgz"
  "version" "1.20.0"
  dependencies:
    "is-core-module" "^2.2.0"
    "path-parse" "^1.0.6"

"shelljs@^0.8.4":
  "integrity" "sha512-7gk3UZ9kOfPLIAbslLzyWeGiEqx9e3rxwZM0KE6EL8GlGwjym9Mrlx5/p33bWTu9YG6vcS4MBxYZDHYr5lr8BQ=="
  "resolved" "https://registry.npmjs.org/shelljs/-/shelljs-0.8.4.tgz"
  "version" "0.8.4"
  dependencies:
    "glob" "^7.0.0"
    "interpret" "^1.0.0"
    "rechoir" "^0.6.2"

"string-width@^4.1.0", "string-width@^4.2.0":
  "integrity" "sha512-wKyQRQpjJ0sIp62ErSZdGsjMJWsap5oRNihHhu6G7JVO/9jIB6UyevL+tXuOqrng8j/cxKTWyWUwvSTriiZz/g=="
  "resolved" "https://registry.npmjs.org/string-width/-/string-width-4.2.3.tgz"
  "version" "4.2.3"
  dependencies:
    "emoji-regex" "^8.0.0"
    "is-fullwidth-code-point" "^3.0.0"
    "strip-ansi" "^6.0.1"

"strip-ansi@^6.0.0", "strip-ansi@^6.0.1":
  "integrity" "sha512-Y38VPSHcqkFrCpFnQ9vuSXmquuv5oXOKpGeT6aGrr3o3Gc9AlVa6JBfUSOCnbxGGZF+/0ooI7KrPuUSztUdU5A=="
  "resolved" "https://registry.npmjs.org/strip-ansi/-/strip-ansi-6.0.1.tgz"
  "version" "6.0.1"
  dependencies:
    "ansi-regex" "^5.0.1"

"symbol-observable@^4.0.0":
  "integrity" "sha512-b19dMThMV4HVFynSAM1++gBHAbk2Tc/osgLIBZMKsyqh34jb2e8Os7T6ZW/Bt3pJFdBTd2JwAnAAEQV7rSNvcQ=="
  "resolved" "https://registry.npmjs.org/symbol-observable/-/symbol-observable-4.0.0.tgz"
  "version" "4.0.0"

"ts-invariant@^0.9.0":
  "integrity" "sha512-HinBlTbFslQI0OHP07JLsSXPibSegec6r9ai5xxq/qHYCsIQbzpymLpDhAUsnXcSrDEcd0L62L8vsOEdzM0qlA=="
  "resolved" "https://registry.npmjs.org/ts-invariant/-/ts-invariant-0.9.3.tgz"
  "version" "0.9.3"
  dependencies:
    "tslib" "^2.1.0"

"tslib@^2.1.0", "tslib@^2.3.0":
  "integrity" "sha512-77EbyPPpMz+FRFRuAFlWMtmgUWGe9UOG2Z25NqCwiIjRhOf5iKGuzSe5P2w1laq+FkRy4p+PCuVkJSGkzTEKVw=="
  "resolved" "https://registry.npmjs.org/tslib/-/tslib-2.3.1.tgz"
  "version" "2.3.1"

"wrap-ansi@^7.0.0":
  "integrity" "sha512-YVGIj2kamLSTxw6NsZjoBxfSwsn0ycdesmc4p+Q21c5zPuZ1pl+NfxVdxPtdHvmNVOQ6XSYG4AUtyt/Fi7D16Q=="
  "resolved" "https://registry.npmjs.org/wrap-ansi/-/wrap-ansi-7.0.0.tgz"
  "version" "7.0.0"
  dependencies:
    "ansi-styles" "^4.0.0"
    "string-width" "^4.1.0"
    "strip-ansi" "^6.0.0"

"wrappy@1":
  "integrity" "sha1-tSQ9jz7BqjXxNkYFvA0QNuMKtp8="
  "resolved" "https://registry.npmjs.org/wrappy/-/wrappy-1.0.2.tgz"
  "version" "1.0.2"

"y18n@^5.0.5":
  "integrity" "sha512-0pfFzegeDWJHJIAmTLRP2DwHjdF5s7jo9tuztdQxAhINCdvS+3nGINqPd00AphqJR/0LhANUS6/+7SCb98YOfA=="
  "resolved" "https://registry.npmjs.org/y18n/-/y18n-5.0.8.tgz"
  "version" "5.0.8"

"yargs-parser@^20.2.2":
  "integrity" "sha512-y11nGElTIV+CT3Zv9t7VKl+Q3hTQoT9a1Qzezhhl6Rp21gJ/IVTW7Z3y9EWXhuUBC2Shnf+DX0antecpAwSP8w=="
  "resolved" "https://registry.npmjs.org/yargs-parser/-/yargs-parser-20.2.9.tgz"
  "version" "20.2.9"

"yargs@^17.0.1":
  "integrity" "sha512-XfR8du6ua4K6uLGm5S6fA+FIJom/MdJcFNVY8geLlp2v8GYbOXD4EB1tPNZsRn4vBzKGMgb5DRZMeWuFc2GO8Q=="
  "resolved" "https://registry.npmjs.org/yargs/-/yargs-17.2.1.tgz"
  "version" "17.2.1"
  dependencies:
    "cliui" "^7.0.2"
    "escalade" "^3.1.1"
    "get-caller-file" "^2.0.5"
    "require-directory" "^2.1.1"
    "string-width" "^4.2.0"
    "y18n" "^5.0.5"
    "yargs-parser" "^20.2.2"

"zen-observable-ts@~1.1.0":
  "integrity" "sha512-1h4zlLSqI2cRLPJUHJFL8bCWHhkpuXkF+dbGkRaWjgDIG26DmzyshUMrdV/rL3UnR+mhaX4fRq8LPouq0MYYIA=="
  "resolved" "https://registry.npmjs.org/zen-observable-ts/-/zen-observable-ts-1.1.0.tgz"
  "version" "1.1.0"
  dependencies:
    "@types/zen-observable" "0.8.3"
    "zen-observable" "0.8.15"

"zen-observable@0.8.15":
  "integrity" "sha512-PQ2PC7R9rslx84ndNBZB/Dkv8V8fZEpk83RLgXtYd0fwUgEjseMn1Dgajh2x6S8QbZAFa9p2qVCEuYZNgve0dQ=="
  "resolved" "https://registry.npmjs.org/zen-observable/-/zen-observable-0.8.15.tgz"
  "version" "0.8.15"
